// !$*UTF8*$!
{
	archiveVersion = 1;
	classes = {
	};
	objectVersion = 77;
	objects = {

/* Begin PBXBuildFile section */
		0B0E938683A39707AB7E6C75 /* PortListModelTests.swift in Sources */ = {isa = PBXBuildFile; fileRef = ACF5C2943D19716A887473CE /* PortListModelTests.swift */; };
		0DA6AAD6348051CB24A39991 /* PortListModel.swift in Sources */ = {isa = PBXBuildFile; fileRef = 9C93F60B8948C4EA86971BC4 /* PortListModel.swift */; };
		24FE18A71DE9277489A06184 /* ProcessKillerTests.swift in Sources */ = {isa = PBXBuildFile; fileRef = 2004512A204CF2A1F48AFD3B /* ProcessKillerTests.swift */; };
		455FF1670F7E46E32DEC72C9 /* OpenPortsApp.swift in Sources */ = {isa = PBXBuildFile; fileRef = B5F661C58854A6D4A0E67FE1 /* OpenPortsApp.swift */; };
		5463D5FE9A854B21091C3893 /* Preferences.swift in Sources */ = {isa = PBXBuildFile; fileRef = 080804DCE268439430D82E8A /* Preferences.swift */; };
		579D29727E8E4A3E7C214621 /* PortListView.swift in Sources */ = {isa = PBXBuildFile; fileRef = 355E28AE63B41B2B5EEEF73C /* PortListView.swift */; };
		57EB4F3FE1FC991EB4E8A450 /* PortRow.swift in Sources */ = {isa = PBXBuildFile; fileRef = 5D88FD9CF6FBB4B97B7D16A3 /* PortRow.swift */; };
		6C89DDD2B03BF0D87B7D2E21 /* LsofParserTests.swift in Sources */ = {isa = PBXBuildFile; fileRef = E2A9049BBBD7EA4A4CA4AEBF /* LsofParserTests.swift */; };
		840FDA2A89ADACD26EB4DDBE /* TestDoubles.swift in Sources */ = {isa = PBXBuildFile; fileRef = 231957EAFC3D99C08FCB917F /* TestDoubles.swift */; };
		9869C67504BC09029983020E /* SystemActions.swift in Sources */ = {isa = PBXBuildFile; fileRef = AAFEB396C41C0C589B769831 /* SystemActions.swift */; };
		A321CF18A7B46A5F8D6AF7B5 /* ProcessKiller.swift in Sources */ = {isa = PBXBuildFile; fileRef = FBC59BC0A935459FC6748D5A /* ProcessKiller.swift */; };
		A346E6DE5F46DD053D98F228 /* PortScannerTests.swift in Sources */ = {isa = PBXBuildFile; fileRef = 251688B1E7ADB190F7EF7ADF /* PortScannerTests.swift */; };
		AB315936E11F5B69B2161A13 /* Listener.swift in Sources */ = {isa = PBXBuildFile; fileRef = A4BD839496B6561213F16E5A /* Listener.swift */; };
		B66BC5D0377E8E5199F7436F /* ListenerTests.swift in Sources */ = {isa = PBXBuildFile; fileRef = 1837CF63460904493D9C2C37 /* ListenerTests.swift */; };
		B7D49BAA7E5995C9149CEEC9 /* Assets.xcassets in Resources */ = {isa = PBXBuildFile; fileRef = BBFC86D166358AA735C8578D /* Assets.xcassets */; };
		C302A62526FD0FA5DEC85270 /* lsof-sample.txt in Resources */ = {isa = PBXBuildFile; fileRef = 7F6B2939794CE7483B87E640 /* lsof-sample.txt */; };
		CA869B0C6028ECEF7A3EFEC9 /* PortScanner.swift in Sources */ = {isa = PBXBuildFile; fileRef = 2169857DF809A0FE78B0CFB6 /* PortScanner.swift */; };
		D64E8F5CC0E40235573F07DD /* SnapshotTests.swift in Sources */ = {isa = PBXBuildFile; fileRef = C9852309A131FCE9ED7C7E17 /* SnapshotTests.swift */; };
		DA8ED329475B16E769F8B5E1 /* LsofRunner.swift in Sources */ = {isa = PBXBuildFile; fileRef = 07B9168C3F66F8B49A351BC0 /* LsofRunner.swift */; };
		DE682C0E685AD79CE858C11D /* LsofParser.swift in Sources */ = {isa = PBXBuildFile; fileRef = 919AA1F563445362A10CCDFC /* LsofParser.swift */; };
/* End PBXBuildFile section */

/* Begin PBXContainerItemProxy section */
		83DD91C0C86DB27B20EEAF28 /* PBXContainerItemProxy */ = {
			isa = PBXContainerItemProxy;
			containerPortal = 1B8F3B626F9B335311CBA268 /* Project object */;
			proxyType = 1;
			remoteGlobalIDString = 7EFE0B3A94361BE5FD25574A;
			remoteInfo = OpenPorts;
		};
/* End PBXContainerItemProxy section */

/* Begin PBXFileReference section */
		07B9168C3F66F8B49A351BC0 /* LsofRunner.swift */ = {isa = PBXFileReference; lastKnownFileType = sourcecode.swift; path = LsofRunner.swift; sourceTree = "<group>"; };
		080804DCE268439430D82E8A /* Preferences.swift */ = {isa = PBXFileReference; lastKnownFileType = sourcecode.swift; path = Preferences.swift; sourceTree = "<group>"; };
		0F35E206B0134B6BD3ABD8FB /* OpenPorts.entitlements */ = {isa = PBXFileReference; lastKnownFileType = text.plist.entitlements; path = OpenPorts.entitlements; sourceTree = "<group>"; };
		1837CF63460904493D9C2C37 /* ListenerTests.swift */ = {isa = PBXFileReference; lastKnownFileType = sourcecode.swift; path = ListenerTests.swift; sourceTree = "<group>"; };
		1C01B7340DC32D2F378157B5 /* OpenPortsTests.xctest */ = {isa = PBXFileReference; explicitFileType = wrapper.cfbundle; includeInIndex = 0; path = OpenPortsTests.xctest; sourceTree = BUILT_PRODUCTS_DIR; };
		2004512A204CF2A1F48AFD3B /* ProcessKillerTests.swift */ = {isa = PBXFileReference; lastKnownFileType = sourcecode.swift; path = ProcessKillerTests.swift; sourceTree = "<group>"; };
		2169857DF809A0FE78B0CFB6 /* PortScanner.swift */ = {isa = PBXFileReference; lastKnownFileType = sourcecode.swift; path = PortScanner.swift; sourceTree = "<group>"; };
		231957EAFC3D99C08FCB917F /* TestDoubles.swift */ = {isa = PBXFileReference; lastKnownFileType = sourcecode.swift; path = TestDoubles.swift; sourceTree = "<group>"; };
		251688B1E7ADB190F7EF7ADF /* PortScannerTests.swift */ = {isa = PBXFileReference; lastKnownFileType = sourcecode.swift; path = PortScannerTests.swift; sourceTree = "<group>"; };
		355E28AE63B41B2B5EEEF73C /* PortListView.swift */ = {isa = PBXFileReference; lastKnownFileType = sourcecode.swift; path = PortListView.swift; sourceTree = "<group>"; };
		5D88FD9CF6FBB4B97B7D16A3 /* PortRow.swift */ = {isa = PBXFileReference; lastKnownFileType = sourcecode.swift; path = PortRow.swift; sourceTree = "<group>"; };
		7F6B2939794CE7483B87E640 /* lsof-sample.txt */ = {isa = PBXFileReference; lastKnownFileType = text; path = "lsof-sample.txt"; sourceTree = "<group>"; };
		919AA1F563445362A10CCDFC /* LsofParser.swift */ = {isa = PBXFileReference; lastKnownFileType = sourcecode.swift; path = LsofParser.swift; sourceTree = "<group>"; };
		9C93F60B8948C4EA86971BC4 /* PortListModel.swift */ = {isa = PBXFileReference; lastKnownFileType = sourcecode.swift; path = PortListModel.swift; sourceTree = "<group>"; };
		A4BD839496B6561213F16E5A /* Listener.swift */ = {isa = PBXFileReference; lastKnownFileType = sourcecode.swift; path = Listener.swift; sourceTree = "<group>"; };
		AAFEB396C41C0C589B769831 /* SystemActions.swift */ = {isa = PBXFileReference; lastKnownFileType = sourcecode.swift; path = SystemActions.swift; sourceTree = "<group>"; };
		ACF5C2943D19716A887473CE /* PortListModelTests.swift */ = {isa = PBXFileReference; lastKnownFileType = sourcecode.swift; path = PortListModelTests.swift; sourceTree = "<group>"; };
		B5F661C58854A6D4A0E67FE1 /* OpenPortsApp.swift */ = {isa = PBXFileReference; lastKnownFileType = sourcecode.swift; path = OpenPortsApp.swift; sourceTree = "<group>"; };
		BBFC86D166358AA735C8578D /* Assets.xcassets */ = {isa = PBXFileReference; lastKnownFileType = folder.assetcatalog; path = Assets.xcassets; sourceTree = "<group>"; };
		C449C66FBCC8BB442C8F1153 /* OpenPorts.app */ = {isa = PBXFileReference; explicitFileType = wrapper.application; includeInIndex = 0; path = OpenPorts.app; sourceTree = BUILT_PRODUCTS_DIR; };
		C9852309A131FCE9ED7C7E17 /* SnapshotTests.swift */ = {isa = PBXFileReference; lastKnownFileType = sourcecode.swift; path = SnapshotTests.swift; sourceTree = "<group>"; };
		E2A9049BBBD7EA4A4CA4AEBF /* LsofParserTests.swift */ = {isa = PBXFileReference; lastKnownFileType = sourcecode.swift; path = LsofParserTests.swift; sourceTree = "<group>"; };
		FBC59BC0A935459FC6748D5A /* ProcessKiller.swift */ = {isa = PBXFileReference; lastKnownFileType = sourcecode.swift; path = ProcessKiller.swift; sourceTree = "<group>"; };
/* End PBXFileReference section */

/* Begin PBXGroup section */
		11ED05A6FD040CB68FAC4A85 /* Fixtures */ = {
			isa = PBXGroup;
			children = (
				7F6B2939794CE7483B87E640 /* lsof-sample.txt */,
			);
			path = Fixtures;
			sourceTree = "<group>";
		};
		1776F41BBB5CD652B838504C = {
			isa = PBXGroup;
			children = (
				A40A78A2399423D7233495EB /* OpenPorts */,
				92C4CE9A0C2C6C2D3E38385A /* OpenPortsTests */,
				9C3A4E8EA006350F01FE7260 /* Products */,
			);
			sourceTree = "<group>";
		};
		1C61898D20A6C1B02BCCCAEB /* Services */ = {
			isa = PBXGroup;
			children = (
				919AA1F563445362A10CCDFC /* LsofParser.swift */,
				07B9168C3F66F8B49A351BC0 /* LsofRunner.swift */,
				2169857DF809A0FE78B0CFB6 /* PortScanner.swift */,
				FBC59BC0A935459FC6748D5A /* ProcessKiller.swift */,
				AAFEB396C41C0C589B769831 /* SystemActions.swift */,
			);
			path = Services;
			sourceTree = "<group>";
		};
		2D33E549C915D22F3A84F33A /* ViewModels */ = {
			isa = PBXGroup;
			children = (
				9C93F60B8948C4EA86971BC4 /* PortListModel.swift */,
			);
			path = ViewModels;
			sourceTree = "<group>";
		};
		61B9C6513916A6B5724EE486 /* Resources */ = {
			isa = PBXGroup;
			children = (
				BBFC86D166358AA735C8578D /* Assets.xcassets */,
			);
			path = Resources;
			sourceTree = "<group>";
		};
		6F8704B4DE4FF996E0A148E7 /* Model */ = {
			isa = PBXGroup;
			children = (
				A4BD839496B6561213F16E5A /* Listener.swift */,
				080804DCE268439430D82E8A /* Preferences.swift */,
			);
			path = Model;
			sourceTree = "<group>";
		};
		92C4CE9A0C2C6C2D3E38385A /* OpenPortsTests */ = {
			isa = PBXGroup;
			children = (
				1837CF63460904493D9C2C37 /* ListenerTests.swift */,
				E2A9049BBBD7EA4A4CA4AEBF /* LsofParserTests.swift */,
				ACF5C2943D19716A887473CE /* PortListModelTests.swift */,
				251688B1E7ADB190F7EF7ADF /* PortScannerTests.swift */,
				2004512A204CF2A1F48AFD3B /* ProcessKillerTests.swift */,
				C9852309A131FCE9ED7C7E17 /* SnapshotTests.swift */,
				231957EAFC3D99C08FCB917F /* TestDoubles.swift */,
				11ED05A6FD040CB68FAC4A85 /* Fixtures */,
			);
			path = OpenPortsTests;
			sourceTree = "<group>";
		};
		96552AC672ADE7C4EE4AFC51 /* Views */ = {
			isa = PBXGroup;
			children = (
				355E28AE63B41B2B5EEEF73C /* PortListView.swift */,
				5D88FD9CF6FBB4B97B7D16A3 /* PortRow.swift */,
			);
			path = Views;
			sourceTree = "<group>";
		};
		9C3A4E8EA006350F01FE7260 /* Products */ = {
			isa = PBXGroup;
			children = (
				C449C66FBCC8BB442C8F1153 /* OpenPorts.app */,
				1C01B7340DC32D2F378157B5 /* OpenPortsTests.xctest */,
			);
			name = Products;
			sourceTree = "<group>";
		};
		A40A78A2399423D7233495EB /* OpenPorts */ = {
			isa = PBXGroup;
			children = (
				0F35E206B0134B6BD3ABD8FB /* OpenPorts.entitlements */,
				B5F661C58854A6D4A0E67FE1 /* OpenPortsApp.swift */,
				6F8704B4DE4FF996E0A148E7 /* Model */,
				61B9C6513916A6B5724EE486 /* Resources */,
				1C61898D20A6C1B02BCCCAEB /* Services */,
				2D33E549C915D22F3A84F33A /* ViewModels */,
				96552AC672ADE7C4EE4AFC51 /* Views */,
			);
			path = OpenPorts;
			sourceTree = "<group>";
		};
/* End PBXGroup section */

/* Begin PBXNativeTarget section */
		7EFE0B3A94361BE5FD25574A /* OpenPorts */ = {
			isa = PBXNativeTarget;
			buildConfigurationList = FB2762D0A534BD79E56790E6 /* Build configuration list for PBXNativeTarget "OpenPorts" */;
			buildPhases = (
				7E8CDD7A3E36CAE50105AE4C /* Sources */,
				F5F6A52E470CB0BEB2F6FEAC /* Resources */,
			);
			buildRules = (
			);
			dependencies = (
			);
			name = OpenPorts;
			packageProductDependencies = (
			);
			productName = OpenPorts;
			productReference = C449C66FBCC8BB442C8F1153 /* OpenPorts.app */;
			productType = "com.apple.product-type.application";
		};
		D325B31E1733FF8940C4C83C /* OpenPortsTests */ = {
			isa = PBXNativeTarget;
			buildConfigurationList = 7C6898B59D7D8322A75F17DE /* Build configuration list for PBXNativeTarget "OpenPortsTests" */;
			buildPhases = (
				54D13570FBF903CE4A603B6B /* Sources */,
				6FBC5BF2ED230B690C283545 /* Resources */,
			);
			buildRules = (
			);
			dependencies = (
				EDDEBE9E6C239CFDA5184243 /* PBXTargetDependency */,
			);
			name = OpenPortsTests;
			packageProductDependencies = (
			);
			productName = OpenPortsTests;
			productReference = 1C01B7340DC32D2F378157B5 /* OpenPortsTests.xctest */;
			productType = "com.apple.product-type.bundle.unit-test";
		};
/* End PBXNativeTarget section */

/* Begin PBXProject section */
		1B8F3B626F9B335311CBA268 /* Project object */ = {
			isa = PBXProject;
			attributes = {
				BuildIndependentTargetsInParallel = YES;
				LastUpgradeCheck = 2600;
				TargetAttributes = {
					7EFE0B3A94361BE5FD25574A = {
						DevelopmentTeam = M8A3G95883;
						ProvisioningStyle = Automatic;
					};
					D325B31E1733FF8940C4C83C = {
						DevelopmentTeam = M8A3G95883;
						ProvisioningStyle = Automatic;
					};
				};
			};
			buildConfigurationList = BC08BE0CEE7FEEB6662C52B7 /* Build configuration list for PBXProject "OpenPorts" */;
			developmentRegion = en;
			hasScannedForEncodings = 0;
			knownRegions = (
				Base,
				en,
			);
			mainGroup = 1776F41BBB5CD652B838504C;
			minimizedProjectReferenceProxies = 1;
			preferredProjectObjectVersion = 77;
			productRefGroup = 9C3A4E8EA006350F01FE7260 /* Products */;
			projectDirPath = "";
			projectRoot = "";
			targets = (
				7EFE0B3A94361BE5FD25574A /* OpenPorts */,
				D325B31E1733FF8940C4C83C /* OpenPortsTests */,
			);
		};
/* End PBXProject section */

/* Begin PBXResourcesBuildPhase section */
		6FBC5BF2ED230B690C283545 /* Resources */ = {
			isa = PBXResourcesBuildPhase;
			buildActionMask = 2147483647;
			files = (
				C302A62526FD0FA5DEC85270 /* lsof-sample.txt in Resources */,
			);
			runOnlyForDeploymentPostprocessing = 0;
		};
		F5F6A52E470CB0BEB2F6FEAC /* Resources */ = {
			isa = PBXResourcesBuildPhase;
			buildActionMask = 2147483647;
			files = (
				B7D49BAA7E5995C9149CEEC9 /* Assets.xcassets in Resources */,
			);
			runOnlyForDeploymentPostprocessing = 0;
		};
/* End PBXResourcesBuildPhase section */

/* Begin PBXSourcesBuildPhase section */
		54D13570FBF903CE4A603B6B /* Sources */ = {
			isa = PBXSourcesBuildPhase;
			buildActionMask = 2147483647;
			files = (
				B66BC5D0377E8E5199F7436F /* ListenerTests.swift in Sources */,
				6C89DDD2B03BF0D87B7D2E21 /* LsofParserTests.swift in Sources */,
				0B0E938683A39707AB7E6C75 /* PortListModelTests.swift in Sources */,
				A346E6DE5F46DD053D98F228 /* PortScannerTests.swift in Sources */,
				24FE18A71DE9277489A06184 /* ProcessKillerTests.swift in Sources */,
				D64E8F5CC0E40235573F07DD /* SnapshotTests.swift in Sources */,
				840FDA2A89ADACD26EB4DDBE /* TestDoubles.swift in Sources */,
			);
			runOnlyForDeploymentPostprocessing = 0;
		};
		7E8CDD7A3E36CAE50105AE4C /* Sources */ = {
			isa = PBXSourcesBuildPhase;
			buildActionMask = 2147483647;
			files = (
				AB315936E11F5B69B2161A13 /* Listener.swift in Sources */,
				DE682C0E685AD79CE858C11D /* LsofParser.swift in Sources */,
				DA8ED329475B16E769F8B5E1 /* LsofRunner.swift in Sources */,
				455FF1670F7E46E32DEC72C9 /* OpenPortsApp.swift in Sources */,
				0DA6AAD6348051CB24A39991 /* PortListModel.swift in Sources */,
				579D29727E8E4A3E7C214621 /* PortListView.swift in Sources */,
				57EB4F3FE1FC991EB4E8A450 /* PortRow.swift in Sources */,
				CA869B0C6028ECEF7A3EFEC9 /* PortScanner.swift in Sources */,
				5463D5FE9A854B21091C3893 /* Preferences.swift in Sources */,
				A321CF18A7B46A5F8D6AF7B5 /* ProcessKiller.swift in Sources */,
				9869C67504BC09029983020E /* SystemActions.swift in Sources */,
			);
			runOnlyForDeploymentPostprocessing = 0;
		};
/* End PBXSourcesBuildPhase section */

/* Begin PBXTargetDependency section */
		EDDEBE9E6C239CFDA5184243 /* PBXTargetDependency */ = {
			isa = PBXTargetDependency;
			target = 7EFE0B3A94361BE5FD25574A /* OpenPorts */;
			targetProxy = 83DD91C0C86DB27B20EEAF28 /* PBXContainerItemProxy */;
		};
/* End PBXTargetDependency section */

/* Begin XCBuildConfiguration section */
		1D4ECE059879C1B4E3171030 /* Release */ = {
			isa = XCBuildConfiguration;
			buildSettings = {
				ASSETCATALOG_COMPILER_APPICON_NAME = AppIcon;
				CODE_SIGN_ENTITLEMENTS = OpenPorts/OpenPorts.entitlements;
				COMBINE_HIDPI_IMAGES = YES;
				ENABLE_APP_SANDBOX = NO;
				ENABLE_HARDENED_RUNTIME = YES;
				GENERATE_INFOPLIST_FILE = NO;
				INFOPLIST_FILE = OpenPorts/Info.plist;
				LD_RUNPATH_SEARCH_PATHS = (
					"$(inherited)",
					"@executable_path/../Frameworks",
				);
				PRODUCT_BUNDLE_IDENTIFIER = sa.ni.openports;
				PRODUCT_NAME = OpenPorts;
				SDKROOT = macosx;
			};
			name = Release;
		};
		3F8D612DC277F1179F21FFED /* Debug */ = {
			isa = XCBuildConfiguration;
			buildSettings = {
				ASSETCATALOG_COMPILER_APPICON_NAME = AppIcon;
				CODE_SIGN_ENTITLEMENTS = OpenPorts/OpenPorts.entitlements;
				COMBINE_HIDPI_IMAGES = YES;
				ENABLE_APP_SANDBOX = NO;
				ENABLE_HARDENED_RUNTIME = YES;
				GENERATE_INFOPLIST_FILE = NO;
				INFOPLIST_FILE = OpenPorts/Info.plist;
				LD_RUNPATH_SEARCH_PATHS = (
					"$(inherited)",
					"@executable_path/../Frameworks",
				);
				PRODUCT_BUNDLE_IDENTIFIER = sa.ni.openports;
				PRODUCT_NAME = OpenPorts;
				SDKROOT = macosx;
			};
			name = Debug;
		};
		AD237C85501E574766F29FBC /* Release */ = {
			isa = XCBuildConfiguration;
			buildSettings = {
				BUNDLE_LOADER = "$(TEST_HOST)";
				COMBINE_HIDPI_IMAGES = YES;
				GENERATE_INFOPLIST_FILE = YES;
				LD_RUNPATH_SEARCH_PATHS = (
					"$(inherited)",
					"@executable_path/../Frameworks",
					"@loader_path/../Frameworks",
				);
				PRODUCT_BUNDLE_IDENTIFIER = sa.ni.openports.tests;
				SDKROOT = macosx;
				TEST_HOST = "$(BUILT_PRODUCTS_DIR)/OpenPorts.app/Contents/MacOS/OpenPorts";
			};
			name = Release;
		};
		D904B0737E3455D32146AA5F /* Release */ = {
			isa = XCBuildConfiguration;
			buildSettings = {
				ALWAYS_SEARCH_USER_PATHS = NO;
				ASSETCATALOG_COMPILER_GENERATE_SWIFT_ASSET_SYMBOL_EXTENSIONS = YES;
				CLANG_ANALYZER_NONNULL = YES;
				CLANG_ANALYZER_NUMBER_OBJECT_CONVERSION = YES_AGGRESSIVE;
				CLANG_CXX_LANGUAGE_STANDARD = "gnu++14";
				CLANG_CXX_LIBRARY = "libc++";
				CLANG_ENABLE_MODULES = YES;
				CLANG_ENABLE_OBJC_ARC = YES;
				CLANG_ENABLE_OBJC_WEAK = YES;
				CLANG_WARN_BLOCK_CAPTURE_AUTORELEASING = YES;
				CLANG_WARN_BOOL_CONVERSION = YES;
				CLANG_WARN_COMMA = YES;
				CLANG_WARN_CONSTANT_CONVERSION = YES;
				CLANG_WARN_DEPRECATED_OBJC_IMPLEMENTATIONS = YES;
				CLANG_WARN_DIRECT_OBJC_ISA_USAGE = YES_ERROR;
				CLANG_WARN_DOCUMENTATION_COMMENTS = YES;
				CLANG_WARN_EMPTY_BODY = YES;
				CLANG_WARN_ENUM_CONVERSION = YES;
				CLANG_WARN_INFINITE_RECURSION = YES;
				CLANG_WARN_INT_CONVERSION = YES;
				CLANG_WARN_NON_LITERAL_NULL_CONVERSION = YES;
				CLANG_WARN_OBJC_IMPLICIT_RETAIN_SELF = YES;
				CLANG_WARN_OBJC_LITERAL_CONVERSION = YES;
				CLANG_WARN_OBJC_ROOT_CLASS = YES_ERROR;
				CLANG_WARN_QUOTED_INCLUDE_IN_FRAMEWORK_HEADER = YES;
				CLANG_WARN_RANGE_LOOP_ANALYSIS = YES;
				CLANG_WARN_STRICT_PROTOTYPES = YES;
				CLANG_WARN_SUSPICIOUS_MOVE = YES;
				CLANG_WARN_UNGUARDED_AVAILABILITY = YES_AGGRESSIVE;
				CLANG_WARN_UNREACHABLE_CODE = YES;
				CLANG_WARN__DUPLICATE_METHOD_MATCH = YES;
				CODE_SIGN_STYLE = Automatic;
				COPY_PHASE_STRIP = NO;
				CURRENT_PROJECT_VERSION = 1;
				DEBUG_INFORMATION_FORMAT = "dwarf-with-dsym";
				DEVELOPMENT_TEAM = M8A3G95883;
				ENABLE_NS_ASSERTIONS = NO;
				ENABLE_STRICT_OBJC_MSGSEND = YES;
				ENABLE_USER_SCRIPT_SANDBOXING = YES;
				GCC_C_LANGUAGE_STANDARD = gnu11;
				GCC_NO_COMMON_BLOCKS = YES;
				GCC_WARN_64_TO_32_BIT_CONVERSION = YES;
				GCC_WARN_ABOUT_RETURN_TYPE = YES_ERROR;
				GCC_WARN_UNDECLARED_SELECTOR = YES;
				GCC_WARN_UNINITIALIZED_AUTOS = YES_AGGRESSIVE;
				GCC_WARN_UNUSED_FUNCTION = YES;
				GCC_WARN_UNUSED_VARIABLE = YES;
				MACOSX_DEPLOYMENT_TARGET = 15.0;
				MARKETING_VERSION = 0.1.0;
				MTL_ENABLE_DEBUG_INFO = NO;
				MTL_FAST_MATH = YES;
				PRODUCT_NAME = "$(TARGET_NAME)";
				SDKROOT = macosx;
				SWIFT_COMPILATION_MODE = wholemodule;
				SWIFT_OPTIMIZATION_LEVEL = "-O";
				SWIFT_STRICT_CONCURRENCY = complete;
				SWIFT_TREAT_WARNINGS_AS_ERRORS = YES;
				SWIFT_VERSION = 6.0;
			};
			name = Release;
		};
		DBA241835BE36FC196464164 /* Debug */ = {
			isa = XCBuildConfiguration;
			buildSettings = {
				BUNDLE_LOADER = "$(TEST_HOST)";
				COMBINE_HIDPI_IMAGES = YES;
				GENERATE_INFOPLIST_FILE = YES;
				LD_RUNPATH_SEARCH_PATHS = (
					"$(inherited)",
					"@executable_path/../Frameworks",
					"@loader_path/../Frameworks",
				);
				PRODUCT_BUNDLE_IDENTIFIER = sa.ni.openports.tests;
				SDKROOT = macosx;
				TEST_HOST = "$(BUILT_PRODUCTS_DIR)/OpenPorts.app/Contents/MacOS/OpenPorts";
			};
			name = Debug;
		};
		F32B04CD2FD2B255461CF8E0 /* Debug */ = {
			isa = XCBuildConfiguration;
			buildSettings = {
				ALWAYS_SEARCH_USER_PATHS = NO;
				ASSETCATALOG_COMPILER_GENERATE_SWIFT_ASSET_SYMBOL_EXTENSIONS = YES;
				CLANG_ANALYZER_NONNULL = YES;
				CLANG_ANALYZER_NUMBER_OBJECT_CONVERSION = YES_AGGRESSIVE;
				CLANG_CXX_LANGUAGE_STANDARD = "gnu++14";
				CLANG_CXX_LIBRARY = "libc++";
				CLANG_ENABLE_MODULES = YES;
				CLANG_ENABLE_OBJC_ARC = YES;
				CLANG_ENABLE_OBJC_WEAK = YES;
				CLANG_WARN_BLOCK_CAPTURE_AUTORELEASING = YES;
				CLANG_WARN_BOOL_CONVERSION = YES;
				CLANG_WARN_COMMA = YES;
				CLANG_WARN_CONSTANT_CONVERSION = YES;
				CLANG_WARN_DEPRECATED_OBJC_IMPLEMENTATIONS = YES;
				CLANG_WARN_DIRECT_OBJC_ISA_USAGE = YES_ERROR;
				CLANG_WARN_DOCUMENTATION_COMMENTS = YES;
				CLANG_WARN_EMPTY_BODY = YES;
				CLANG_WARN_ENUM_CONVERSION = YES;
				CLANG_WARN_INFINITE_RECURSION = YES;
				CLANG_WARN_INT_CONVERSION = YES;
				CLANG_WARN_NON_LITERAL_NULL_CONVERSION = YES;
				CLANG_WARN_OBJC_IMPLICIT_RETAIN_SELF = YES;
				CLANG_WARN_OBJC_LITERAL_CONVERSION = YES;
				CLANG_WARN_OBJC_ROOT_CLASS = YES_ERROR;
				CLANG_WARN_QUOTED_INCLUDE_IN_FRAMEWORK_HEADER = YES;
				CLANG_WARN_RANGE_LOOP_ANALYSIS = YES;
				CLANG_WARN_STRICT_PROTOTYPES = YES;
				CLANG_WARN_SUSPICIOUS_MOVE = YES;
				CLANG_WARN_UNGUARDED_AVAILABILITY = YES_AGGRESSIVE;
				CLANG_WARN_UNREACHABLE_CODE = YES;
				CLANG_WARN__DUPLICATE_METHOD_MATCH = YES;
				CODE_SIGN_STYLE = Automatic;
				COPY_PHASE_STRIP = NO;
				CURRENT_PROJECT_VERSION = 1;
				DEBUG_INFORMATION_FORMAT = dwarf;
				DEVELOPMENT_TEAM = M8A3G95883;
				ENABLE_STRICT_OBJC_MSGSEND = YES;
				ENABLE_TESTABILITY = YES;
				ENABLE_USER_SCRIPT_SANDBOXING = YES;
				GCC_C_LANGUAGE_STANDARD = gnu11;
				GCC_DYNAMIC_NO_PIC = NO;
				GCC_NO_COMMON_BLOCKS = YES;
				GCC_OPTIMIZATION_LEVEL = 0;
				GCC_PREPROCESSOR_DEFINITIONS = (
					"$(inherited)",
					"DEBUG=1",
				);
				GCC_WARN_64_TO_32_BIT_CONVERSION = YES;
				GCC_WARN_ABOUT_RETURN_TYPE = YES_ERROR;
				GCC_WARN_UNDECLARED_SELECTOR = YES;
				GCC_WARN_UNINITIALIZED_AUTOS = YES_AGGRESSIVE;
				GCC_WARN_UNUSED_FUNCTION = YES;
				GCC_WARN_UNUSED_VARIABLE = YES;
				MACOSX_DEPLOYMENT_TARGET = 15.0;
				MARKETING_VERSION = 0.1.0;
				MTL_ENABLE_DEBUG_INFO = INCLUDE_SOURCE;
				MTL_FAST_MATH = YES;
				ONLY_ACTIVE_ARCH = YES;
				PRODUCT_NAME = "$(TARGET_NAME)";
				SDKROOT = macosx;
				SWIFT_ACTIVE_COMPILATION_CONDITIONS = DEBUG;
				SWIFT_OPTIMIZATION_LEVEL = "-Onone";
				SWIFT_STRICT_CONCURRENCY = complete;
				SWIFT_TREAT_WARNINGS_AS_ERRORS = YES;
				SWIFT_VERSION = 6.0;
			};
			name = Debug;
		};
/* End XCBuildConfiguration section */

/* Begin XCConfigurationList section */
		7C6898B59D7D8322A75F17DE /* Build configuration list for PBXNativeTarget "OpenPortsTests" */ = {
			isa = XCConfigurationList;
			buildConfigurations = (
				DBA241835BE36FC196464164 /* Debug */,
				AD237C85501E574766F29FBC /* Release */,
			);
			defaultConfigurationIsVisible = 0;
			defaultConfigurationName = Debug;
		};
		BC08BE0CEE7FEEB6662C52B7 /* Build configuration list for PBXProject "OpenPorts" */ = {
			isa = XCConfigurationList;
			buildConfigurations = (
				F32B04CD2FD2B255461CF8E0 /* Debug */,
				D904B0737E3455D32146AA5F /* Release */,
			);
			defaultConfigurationIsVisible = 0;
			defaultConfigurationName = Debug;
		};
		FB2762D0A534BD79E56790E6 /* Build configuration list for PBXNativeTarget "OpenPorts" */ = {
			isa = XCConfigurationList;
			buildConfigurations = (
				3F8D612DC277F1179F21FFED /* Debug */,
				1D4ECE059879C1B4E3171030 /* Release */,
			);
			defaultConfigurationIsVisible = 0;
			defaultConfigurationName = Debug;
		};
/* End XCConfigurationList section */
	};
	rootObject = 1B8F3B626F9B335311CBA268 /* Project object */;
}
